
Microsoft Visual Studio Solution File, Format Version 12.00
# Visual Studio Version 17
VisualStudioVersion = 17.5.33530.505
MinimumVisualStudioVersion = 10.0.40219.1
Project("{8BC9CEB8-8B4A-11D0-8D11-00A0C91BC942}") = "RzClient", "RzClient\RzClient.vcxproj", "{DD416D29-AA28-41F0-BDC3-A352E5B1ADC4}"
EndProject
Project("{8BC9CEB8-8B4A-11D0-8D11-00A0C91BC942}") = "CodeTesting", "Update\Update.vcxproj", "{1F935CE0-202B-41B7-98AC-0CD513B1ECEF}"
EndProject
Project("{8BC9CEB8-8B4A-11D0-8D11-00A0C91BC942}") = "RzLib", "RzLib\RzLib.vcxproj", "{06E4DCB0-5D41-452B-8147-6DABBA750AAD}"
EndProject
Project("{8BC9CEB8-8B4A-11D0-8D11-00A0C91BC942}") = "RzSlim", "RzSlim\RzSlim.vcxproj", "{05DA3737-795B-4CB9-85B2-100A1BFF0CC5}"
EndProject
Global
	GlobalSection(SolutionConfigurationPlatforms) = preSolution
		Debug|ARM = Debug|ARM
		Debug|ARM64 = Debug|ARM64
		Debug|x64 = Debug|x64
		Debug|x86 = Debug|x86
		Release|ARM = Release|ARM
		Release|ARM64 = Release|ARM64
		Release|x64 = Release|x64
		Release|x86 = Release|x86
	EndGlobalSection
	GlobalSection(ProjectConfigurationPlatforms) = postSolution
		{DD416D29-AA28-41F0-BDC3-A352E5B1ADC4}.Debug|ARM.ActiveCfg = Debug|x64
		{DD416D29-AA28-41F0-BDC3-A352E5B1ADC4}.Debug|ARM.Build.0 = Debug|x64
		{DD416D29-AA28-41F0-BDC3-A352E5B1ADC4}.Debug|ARM64.ActiveCfg = Debug|x64
		{DD416D29-AA28-41F0-BDC3-A352E5B1ADC4}.Debug|ARM64.Build.0 = Debug|x64
		{DD416D29-AA28-41F0-BDC3-A352E5B1ADC4}.Debug|x64.ActiveCfg = Debug|x64
		{DD416D29-AA28-41F0-BDC3-A352E5B1ADC4}.Debug|x64.Build.0 = Debug|x64
		{DD416D29-AA28-41F0-BDC3-A352E5B1ADC4}.Debug|x86.ActiveCfg = Debug|Win32
		{DD416D29-AA28-41F0-BDC3-A352E5B1ADC4}.Debug|x86.Build.0 = Debug|Win32
		{DD416D29-AA28-41F0-BDC3-A352E5B1ADC4}.Release|ARM.ActiveCfg = Release|x64
		{DD416D29-AA28-41F0-BDC3-A352E5B1ADC4}.Release|ARM.Build.0 = Release|x64
		{DD416D29-AA28-41F0-BDC3-A352E5B1ADC4}.Release|ARM64.ActiveCfg = Release|x64
		{DD416D29-AA28-41F0-BDC3-A352E5B1ADC4}.Release|ARM64.Build.0 = Release|x64
		{DD416D29-AA28-41F0-BDC3-A352E5B1ADC4}.Release|x64.ActiveCfg = Release|x64
		{DD416D29-AA28-41F0-BDC3-A352E5B1ADC4}.Release|x64.Build.0 = Release|x64
		{DD416D29-AA28-41F0-BDC3-A352E5B1ADC4}.Release|x86.ActiveCfg = Release|Win32
		{DD416D29-AA28-41F0-BDC3-A352E5B1ADC4}.Release|x86.Build.0 = Release|Win32
		{1F935CE0-202B-41B7-98AC-0CD513B1ECEF}.Debug|ARM.ActiveCfg = Debug|x64
		{1F935CE0-202B-41B7-98AC-0CD513B1ECEF}.Debug|ARM.Build.0 = Debug|x64
		{1F935CE0-202B-41B7-98AC-0CD513B1ECEF}.Debug|ARM64.ActiveCfg = Debug|x64
		{1F935CE0-202B-41B7-98AC-0CD513B1ECEF}.Debug|ARM64.Build.0 = Debug|x64
		{1F935CE0-202B-41B7-98AC-0CD513B1ECEF}.Debug|x64.ActiveCfg = Debug|x64
		{1F935CE0-202B-41B7-98AC-0CD513B1ECEF}.Debug|x64.Build.0 = Debug|x64
		{1F935CE0-202B-41B7-98AC-0CD513B1ECEF}.Debug|x86.ActiveCfg = Debug|Win32
		{1F935CE0-202B-41B7-98AC-0CD513B1ECEF}.Debug|x86.Build.0 = Debug|Win32
		{1F935CE0-202B-41B7-98AC-0CD513B1ECEF}.Release|ARM.ActiveCfg = Release|x64
		{1F935CE0-202B-41B7-98AC-0CD513B1ECEF}.Release|ARM.Build.0 = Release|x64
		{1F935CE0-202B-41B7-98AC-0CD513B1ECEF}.Release|ARM64.ActiveCfg = Release|x64
		{1F935CE0-202B-41B7-98AC-0CD513B1ECEF}.Release|ARM64.Build.0 = Release|x64
		{1F935CE0-202B-41B7-98AC-0CD513B1ECEF}.Release|x64.ActiveCfg = Release|x64
		{1F935CE0-202B-41B7-98AC-0CD513B1ECEF}.Release|x64.Build.0 = Release|x64
		{1F935CE0-202B-41B7-98AC-0CD513B1ECEF}.Release|x86.ActiveCfg = Release|Win32
		{1F935CE0-202B-41B7-98AC-0CD513B1ECEF}.Release|x86.Build.0 = Release|Win32
		{06E4DCB0-5D41-452B-8147-6DABBA750AAD}.Debug|ARM.ActiveCfg = Debug|x64
		{06E4DCB0-5D41-452B-8147-6DABBA750AAD}.Debug|ARM.Build.0 = Debug|x64
		{06E4DCB0-5D41-452B-8147-6DABBA750AAD}.Debug|ARM64.ActiveCfg = Debug|x64
		{06E4DCB0-5D41-452B-8147-6DABBA750AAD}.Debug|ARM64.Build.0 = Debug|x64
		{06E4DCB0-5D41-452B-8147-6DABBA750AAD}.Debug|x64.ActiveCfg = Debug|x64
		{06E4DCB0-5D41-452B-8147-6DABBA750AAD}.Debug|x64.Build.0 = Debug|x64
		{06E4DCB0-5D41-452B-8147-6DABBA750AAD}.Debug|x86.ActiveCfg = Debug|Win32
		{06E4DCB0-5D41-452B-8147-6DABBA750AAD}.Debug|x86.Build.0 = Debug|Win32
		{06E4DCB0-5D41-452B-8147-6DABBA750AAD}.Release|ARM.ActiveCfg = Release|x64
		{06E4DCB0-5D41-452B-8147-6DABBA750AAD}.Release|ARM.Build.0 = Release|x64
		{06E4DCB0-5D41-452B-8147-6DABBA750AAD}.Release|ARM64.ActiveCfg = Release|x64
		{06E4DCB0-5D41-452B-8147-6DABBA750AAD}.Release|ARM64.Build.0 = Release|x64
		{06E4DCB0-5D41-452B-8147-6DABBA750AAD}.Release|x64.ActiveCfg = Release|x64
		{06E4DCB0-5D41-452B-8147-6DABBA750AAD}.Release|x64.Build.0 = Release|x64
		{06E4DCB0-5D41-452B-8147-6DABBA750AAD}.Release|x86.ActiveCfg = Release|Win32
		{06E4DCB0-5D41-452B-8147-6DABBA750AAD}.Release|x86.Build.0 = Release|Win32
		{05DA3737-795B-4CB9-85B2-100A1BFF0CC5}.Debug|ARM.ActiveCfg = Debug|x64
		{05DA3737-795B-4CB9-85B2-100A1BFF0CC5}.Debug|ARM.Build.0 = Debug|x64
		{05DA3737-795B-4CB9-85B2-100A1BFF0CC5}.Debug|ARM64.ActiveCfg = Debug|x64
		{05DA3737-795B-4CB9-85B2-100A1BFF0CC5}.Debug|ARM64.Build.0 = Debug|x64
		{05DA3737-795B-4CB9-85B2-100A1BFF0CC5}.Debug|x64.ActiveCfg = Debug|x64
		{05DA3737-795B-4CB9-85B2-100A1BFF0CC5}.Debug|x64.Build.0 = Debug|x64
		{05DA3737-795B-4CB9-85B2-100A1BFF0CC5}.Debug|x86.ActiveCfg = Debug|x64
		{05DA3737-795B-4CB9-85B2-100A1BFF0CC5}.Debug|x86.Build.0 = Debug|x64
		{05DA3737-795B-4CB9-85B2-100A1BFF0CC5}.Release|ARM.ActiveCfg = Release|x64
		{05DA3737-795B-4CB9-85B2-100A1BFF0CC5}.Release|ARM.Build.0 = Release|x64
		{05DA3737-795B-4CB9-85B2-100A1BFF0CC5}.Release|ARM64.ActiveCfg = Release|x64
		{05DA3737-795B-4CB9-85B2-100A1BFF0CC5}.Release|ARM64.Build.0 = Release|x64
		{05DA3737-795B-4CB9-85B2-100A1BFF0CC5}.Release|x64.ActiveCfg = Release|x64
		{05DA3737-795B-4CB9-85B2-100A1BFF0CC5}.Release|x64.Build.0 = Release|x64
		{05DA3737-795B-4CB9-85B2-100A1BFF0CC5}.Release|x86.ActiveCfg = Release|x64
		{05DA3737-795B-4CB9-85B2-100A1BFF0CC5}.Release|x86.Build.0 = Release|x64
	EndGlobalSection
	GlobalSection(SolutionProperties) = preSolution
		HideSolutionNode = FALSE
	EndGlobalSection
	GlobalSection(ExtensibilityGlobals) = postSolution
		SolutionGuid = {3BF7D80E-FF5A-4E78-B2AD-6CFBFDB5409A}
	EndGlobalSection
EndGlobal
